
Microsoft Visual Studio Solution File, Format Version 12.00
# Visual Studio Version 16
VisualStudioVersion = 16.0.30503.244
MinimumVisualStudioVersion = 10.0.40219.1
Project("{FAE04EC0-301F-11D3-BF4B-00C04F79EFBC}") = "RegexUserRegistration", "RegexUserRegistration.csproj", "{759357EF-72F9-4B38-9B17-18DF8B8BC8C3}"
EndProject
Project("{FAE04EC0-301F-11D3-BF4B-00C04F79EFBC}") = "UserRegistrationTest", "..\UserRegistrationTest\UserRegistrationTest.csproj", "{5671629D-9BF5-4466-834B-14DC74F8E71B}"
EndProject
Global
	GlobalSection(SolutionConfigurationPlatforms) = preSolution
		Debug|Any CPU = Debug|Any CPU
		Release|Any CPU = Release|Any CPU
	EndGlobalSection
	GlobalSection(ProjectConfigurationPlatforms) = postSolution
		{759357EF-72F9-4B38-9B17-18DF8B8BC8C3}.Debug|Any CPU.ActiveCfg = Debug|Any CPU
		{759357EF-72F9-4B38-9B17-18DF8B8BC8C3}.Debug|Any CPU.Build.0 = Debug|Any CPU
		{759357EF-72F9-4B38-9B17-18DF8B8BC8C3}.Release|Any CPU.ActiveCfg = Release|Any CPU
		{759357EF-72F9-4B38-9B17-18DF8B8BC8C3}.Release|Any CPU.Build.0 = Release|Any CPU
		{5671629D-9BF5-4466-834B-14DC74F8E71B}.Debug|Any CPU.ActiveCfg = Debug|Any CPU
		{5671629D-9BF5-4466-834B-14DC74F8E71B}.Debug|Any CPU.Build.0 = Debug|Any CPU
		{5671629D-9BF5-4466-834B-14DC74F8E71B}.Release|Any CPU.ActiveCfg = Release|Any CPU
		{5671629D-9BF5-4466-834B-14DC74F8E71B}.Release|Any CPU.Build.0 = Release|Any CPU
	EndGlobalSection
	GlobalSection(SolutionProperties) = preSolution
		HideSolutionNode = FALSE
	EndGlobalSection
	GlobalSection(ExtensibilityGlobals) = postSolution
		SolutionGuid = {605EB941-C225-4C2B-BAD3-DEEA1E8013EA}
	EndGlobalSection
EndGlobal
